// !$*UTF8*$!
{
	archiveVersion = 1;
	classes = {
	};
	objectVersion = 56;
	objects = {

/* Begin PBXBuildFile section */
		B39D90612AB1A7C900570391 /* AppDelegate.swift in Sources */ = {isa = PBXBuildFile; fileRef = B39D90602AB1A7C900570391 /* AppDelegate.swift */; };
		B39D90632AB1A7C900570391 /* SceneDelegate.swift in Sources */ = {isa = PBXBuildFile; fileRef = B39D90622AB1A7C900570391 /* SceneDelegate.swift */; };
		B39D90682AB1A7C900570391 /* Main.storyboard in Resources */ = {isa = PBXBuildFile; fileRef = B39D90662AB1A7C900570391 /* Main.storyboard */; };
		B39D906A2AB1A7CE00570391 /* Assets.xcassets in Resources */ = {isa = PBXBuildFile; fileRef = B39D90692AB1A7CE00570391 /* Assets.xcassets */; };
		B39D906D2AB1A7CE00570391 /* LaunchScreen.storyboard in Resources */ = {isa = PBXBuildFile; fileRef = B39D906B2AB1A7CE00570391 /* LaunchScreen.storyboard */; };
		B39D90802AB1A94B00570391 /* Product.swift in Sources */ = {isa = PBXBuildFile; fileRef = B39D907F2AB1A94B00570391 /* Product.swift */; };
		B39D90822AB1E51C00570391 /* APIManager.swift in Sources */ = {isa = PBXBuildFile; fileRef = B39D90812AB1E51C00570391 /* APIManager.swift */; };
		B39D90842AB1E8BD00570391 /* Constant.swift in Sources */ = {isa = PBXBuildFile; fileRef = B39D90832AB1E8BD00570391 /* Constant.swift */; };
		B39D90862AB2138E00570391 /* CustomError + Extension.swift in Sources */ = {isa = PBXBuildFile; fileRef = B39D90852AB2138E00570391 /* CustomError + Extension.swift */; };
		B39D90882AB217E100570391 /* ProductListViewController.swift in Sources */ = {isa = PBXBuildFile; fileRef = B39D90872AB217E100570391 /* ProductListViewController.swift */; };
		B39D908A2AB219C400570391 /* ProductViewModel.swift in Sources */ = {isa = PBXBuildFile; fileRef = B39D90892AB219C400570391 /* ProductViewModel.swift */; };
		B3E8695D2AB2CA4600438960 /* ProductCell.swift in Sources */ = {isa = PBXBuildFile; fileRef = B3E8695B2AB2CA4600438960 /* ProductCell.swift */; };
		B3E8695E2AB2CA4600438960 /* ProductCell.xib in Resources */ = {isa = PBXBuildFile; fileRef = B3E8695C2AB2CA4600438960 /* ProductCell.xib */; };
		B3E869612AB2FA3100438960 /* Kingfisher in Frameworks */ = {isa = PBXBuildFile; productRef = B3E869602AB2FA3100438960 /* Kingfisher */; };
		B3E869632AB2FA7700438960 /* UIImageView + Extension.swift in Sources */ = {isa = PBXBuildFile; fileRef = B3E869622AB2FA7700438960 /* UIImageView + Extension.swift */; };
/* End PBXBuildFile section */

/* Begin PBXFileReference section */
		B39D905D2AB1A7C900570391 /* MVVM_Demo.app */ = {isa = PBXFileReference; explicitFileType = wrapper.application; includeInIndex = 0; path = MVVM_Demo.app; sourceTree = BUILT_PRODUCTS_DIR; };
		B39D90602AB1A7C900570391 /* AppDelegate.swift */ = {isa = PBXFileReference; lastKnownFileType = sourcecode.swift; path = AppDelegate.swift; sourceTree = "<group>"; };
		B39D90622AB1A7C900570391 /* SceneDelegate.swift */ = {isa = PBXFileReference; lastKnownFileType = sourcecode.swift; path = SceneDelegate.swift; sourceTree = "<group>"; };
		B39D90672AB1A7C900570391 /* Base */ = {isa = PBXFileReference; lastKnownFileType = file.storyboard; name = Base; path = Base.lproj/Main.storyboard; sourceTree = "<group>"; };
		B39D90692AB1A7CE00570391 /* Assets.xcassets */ = {isa = PBXFileReference; lastKnownFileType = folder.assetcatalog; path = Assets.xcassets; sourceTree = "<group>"; };
		B39D906C2AB1A7CE00570391 /* Base */ = {isa = PBXFileReference; lastKnownFileType = file.storyboard; name = Base; path = Base.lproj/LaunchScreen.storyboard; sourceTree = "<group>"; };
		B39D906E2AB1A7CE00570391 /* Info.plist */ = {isa = PBXFileReference; lastKnownFileType = text.plist.xml; path = Info.plist; sourceTree = "<group>"; };
		B39D907F2AB1A94B00570391 /* Product.swift */ = {isa = PBXFileReference; lastKnownFileType = sourcecode.swift; path = Product.swift; sourceTree = "<group>"; };
		B39D90812AB1E51C00570391 /* APIManager.swift */ = {isa = PBXFileReference; lastKnownFileType = sourcecode.swift; path = APIManager.swift; sourceTree = "<group>"; };
		B39D90832AB1E8BD00570391 /* Constant.swift */ = {isa = PBXFileReference; lastKnownFileType = sourcecode.swift; path = Constant.swift; sourceTree = "<group>"; };
		B39D90852AB2138E00570391 /* CustomError + Extension.swift */ = {isa = PBXFileReference; lastKnownFileType = sourcecode.swift; path = "CustomError + Extension.swift"; sourceTree = "<group>"; };
		B39D90872AB217E100570391 /* ProductListViewController.swift */ = {isa = PBXFileReference; lastKnownFileType = sourcecode.swift; path = ProductListViewController.swift; sourceTree = "<group>"; };
		B39D90892AB219C400570391 /* ProductViewModel.swift */ = {isa = PBXFileReference; lastKnownFileType = sourcecode.swift; path = ProductViewModel.swift; sourceTree = "<group>"; };
		B3E8695B2AB2CA4600438960 /* ProductCell.swift */ = {isa = PBXFileReference; lastKnownFileType = sourcecode.swift; path = ProductCell.swift; sourceTree = "<group>"; };
		B3E8695C2AB2CA4600438960 /* ProductCell.xib */ = {isa = PBXFileReference; lastKnownFileType = file.xib; path = ProductCell.xib; sourceTree = "<group>"; };
		B3E869622AB2FA7700438960 /* UIImageView + Extension.swift */ = {isa = PBXFileReference; lastKnownFileType = sourcecode.swift; path = "UIImageView + Extension.swift"; sourceTree = "<group>"; };
/* End PBXFileReference section */

/* Begin PBXFrameworksBuildPhase section */
		B39D905A2AB1A7C900570391 /* Frameworks */ = {
			isa = PBXFrameworksBuildPhase;
			buildActionMask = 2147483647;
			files = (
				B3E869612AB2FA3100438960 /* Kingfisher in Frameworks */,
			);
			runOnlyForDeploymentPostprocessing = 0;
		};
/* End PBXFrameworksBuildPhase section */

/* Begin PBXGroup section */
		B39D90542AB1A7C900570391 = {
			isa = PBXGroup;
			children = (
				B39D905F2AB1A7C900570391 /* MVVM_Demo */,
				B39D905E2AB1A7C900570391 /* Products */,
			);
			sourceTree = "<group>";
		};
		B39D905E2AB1A7C900570391 /* Products */ = {
			isa = PBXGroup;
			children = (
				B39D905D2AB1A7C900570391 /* MVVM_Demo.app */,
			);
			name = Products;
			sourceTree = "<group>";
		};
		B39D905F2AB1A7C900570391 /* MVVM_Demo */ = {
			isa = PBXGroup;
			children = (
				B39D90792AB1A84A00570391 /* Application */,
				B39D90782AB1A84600570391 /* Extension */,
				B39D90772AB1A84200570391 /* Constant */,
				B39D90762AB1A83F00570391 /* Helper */,
				B39D907A2AB1A89000570391 /* Screens */,
				B39D90752AB1A83B00570391 /* Storyboard */,
				B39D90742AB1A83700570391 /* Resources */,
				B39D906E2AB1A7CE00570391 /* Info.plist */,
			);
			path = MVVM_Demo;
			sourceTree = "<group>";
		};
		B39D90742AB1A83700570391 /* Resources */ = {
			isa = PBXGroup;
			children = (
				B39D90692AB1A7CE00570391 /* Assets.xcassets */,
			);
			path = Resources;
			sourceTree = "<group>";
		};
		B39D90752AB1A83B00570391 /* Storyboard */ = {
			isa = PBXGroup;
			children = (
				B39D906B2AB1A7CE00570391 /* LaunchScreen.storyboard */,
				B39D90662AB1A7C900570391 /* Main.storyboard */,
			);
			path = Storyboard;
			sourceTree = "<group>";
		};
		B39D90762AB1A83F00570391 /* Helper */ = {
			isa = PBXGroup;
			children = (
				B39D90812AB1E51C00570391 /* APIManager.swift */,
			);
			path = Helper;
			sourceTree = "<group>";
		};
		B39D90772AB1A84200570391 /* Constant */ = {
			isa = PBXGroup;
			children = (
				B39D90832AB1E8BD00570391 /* Constant.swift */,
			);
			path = Constant;
			sourceTree = "<group>";
		};
		B39D90782AB1A84600570391 /* Extension */ = {
			isa = PBXGroup;
			children = (
				B39D90852AB2138E00570391 /* CustomError + Extension.swift */,
				B3E869622AB2FA7700438960 /* UIImageView + Extension.swift */,
			);
			path = Extension;
			sourceTree = "<group>";
		};
		B39D90792AB1A84A00570391 /* Application */ = {
			isa = PBXGroup;
			children = (
				B39D90602AB1A7C900570391 /* AppDelegate.swift */,
				B39D90622AB1A7C900570391 /* SceneDelegate.swift */,
			);
			path = Application;
			sourceTree = "<group>";
		};
		B39D907A2AB1A89000570391 /* Screens */ = {
			isa = PBXGroup;
			children = (
				B39D907E2AB1A8D500570391 /* Product */,
			);
			path = Screens;
			sourceTree = "<group>";
		};
		B39D907B2AB1A8B300570391 /* ViewModel */ = {
			isa = PBXGroup;
			children = (
				B39D90892AB219C400570391 /* ProductViewModel.swift */,
			);
			path = ViewModel;
			sourceTree = "<group>";
		};
		B39D907C2AB1A8B600570391 /* View */ = {
			isa = PBXGroup;
			children = (
				B3E869652AB3025300438960 /* Xib */,
				B3E869642AB3023C00438960 /* Controller */,
			);
			path = View;
			sourceTree = "<group>";
		};
		B39D907D2AB1A8B900570391 /* Model */ = {
			isa = PBXGroup;
			children = (
				B39D907F2AB1A94B00570391 /* Product.swift */,
			);
			path = Model;
			sourceTree = "<group>";
		};
		B39D907E2AB1A8D500570391 /* Product */ = {
			isa = PBXGroup;
			children = (
				B39D907D2AB1A8B900570391 /* Model */,
				B39D907C2AB1A8B600570391 /* View */,
				B39D907B2AB1A8B300570391 /* ViewModel */,
			);
			path = Product;
			sourceTree = "<group>";
		};
		B3E869642AB3023C00438960 /* Controller */ = {
			isa = PBXGroup;
			children = (
				B39D90872AB217E100570391 /* ProductListViewController.swift */,
			);
			path = Controller;
			sourceTree = "<group>";
		};
		B3E869652AB3025300438960 /* Xib */ = {
			isa = PBXGroup;
			children = (
				B3E8695B2AB2CA4600438960 /* ProductCell.swift */,
				B3E8695C2AB2CA4600438960 /* ProductCell.xib */,
			);
			path = Xib;
			sourceTree = "<group>";
		};
/* End PBXGroup section */

/* Begin PBXNativeTarget section */
		B39D905C2AB1A7C900570391 /* MVVM_Demo */ = {
			isa = PBXNativeTarget;
			buildConfigurationList = B39D90712AB1A7CE00570391 /* Build configuration list for PBXNativeTarget "MVVM_Demo" */;
			buildPhases = (
				B39D90592AB1A7C900570391 /* Sources */,
				B39D905A2AB1A7C900570391 /* Frameworks */,
				B39D905B2AB1A7C900570391 /* Resources */,
			);
			buildRules = (
			);
			dependencies = (
			);
			name = MVVM_Demo;
			packageProductDependencies = (
				B3E869602AB2FA3100438960 /* Kingfisher */,
			);
			productName = MVVM_Demo;
			productReference = B39D905D2AB1A7C900570391 /* MVVM_Demo.app */;
			productType = "com.apple.product-type.application";
		};
/* End PBXNativeTarget section */

/* Begin PBXProject section */
		B39D90552AB1A7C900570391 /* Project object */ = {
			isa = PBXProject;
			attributes = {
				BuildIndependentTargetsInParallel = 1;
				LastSwiftUpdateCheck = 1430;
				LastUpgradeCheck = 1430;
				TargetAttributes = {
					B39D905C2AB1A7C900570391 = {
						CreatedOnToolsVersion = 14.3;
					};
				};
			};
			buildConfigurationList = B39D90582AB1A7C900570391 /* Build configuration list for PBXProject "MVVM_Demo" */;
			compatibilityVersion = "Xcode 14.0";
			developmentRegion = en;
			hasScannedForEncodings = 0;
			knownRegions = (
				en,
				Base,
			);
			mainGroup = B39D90542AB1A7C900570391;
			packageReferences = (
				B3E8695F2AB2FA3100438960 /* XCRemoteSwiftPackageReference "Kingfisher" */,
			);
			productRefGroup = B39D905E2AB1A7C900570391 /* Products */;
			projectDirPath = "";
			projectRoot = "";
			targets = (
				B39D905C2AB1A7C900570391 /* MVVM_Demo */,
			);
		};
/* End PBXProject section */

/* Begin PBXResourcesBuildPhase section */
		B39D905B2AB1A7C900570391 /* Resources */ = {
			isa = PBXResourcesBuildPhase;
			buildActionMask = 2147483647;
			files = (
				B39D906D2AB1A7CE00570391 /* LaunchScreen.storyboard in Resources */,
				B3E8695E2AB2CA4600438960 /* ProductCell.xib in Resources */,
				B39D906A2AB1A7CE00570391 /* Assets.xcassets in Resources */,
				B39D90682AB1A7C900570391 /* Main.storyboard in Resources */,
			);
			runOnlyForDeploymentPostprocessing = 0;
		};
/* End PBXResourcesBuildPhase section */

/* Begin PBXSourcesBuildPhase section */
		B39D90592AB1A7C900570391 /* Sources */ = {
			isa = PBXSourcesBuildPhase;
			buildActionMask = 2147483647;
			files = (
				B39D90822AB1E51C00570391 /* APIManager.swift in Sources */,
				B39D90612AB1A7C900570391 /* AppDelegate.swift in Sources */,
				B39D90882AB217E100570391 /* ProductListViewController.swift in Sources */,
				B39D90842AB1E8BD00570391 /* Constant.swift in Sources */,
				B3E869632AB2FA7700438960 /* UIImageView + Extension.swift in Sources */,
				B39D90862AB2138E00570391 /* CustomError + Extension.swift in Sources */,
				B39D90632AB1A7C900570391 /* SceneDelegate.swift in Sources */,
				B3E8695D2AB2CA4600438960 /* ProductCell.swift in Sources */,
				B39D908A2AB219C400570391 /* ProductViewModel.swift in Sources */,
				B39D90802AB1A94B00570391 /* Product.swift in Sources */,
			);
			runOnlyForDeploymentPostprocessing = 0;
		};
/* End PBXSourcesBuildPhase section */

/* Begin PBXVariantGroup section */
		B39D90662AB1A7C900570391 /* Main.storyboard */ = {
			isa = PBXVariantGroup;
			children = (
				B39D90672AB1A7C900570391 /* Base */,
			);
			name = Main.storyboard;
			sourceTree = "<group>";
		};
		B39D906B2AB1A7CE00570391 /* LaunchScreen.storyboard */ = {
			isa = PBXVariantGroup;
			children = (
				B39D906C2AB1A7CE00570391 /* Base */,
			);
			name = LaunchScreen.storyboard;
			sourceTree = "<group>";
		};
/* End PBXVariantGroup section */

/* Begin XCBuildConfiguration section */
		B39D906F2AB1A7CE00570391 /* Debug */ = {
			isa = XCBuildConfiguration;
			buildSettings = {
				ALWAYS_SEARCH_USER_PATHS = NO;
				CLANG_ANALYZER_NONNULL = YES;
				CLANG_ANALYZER_NUMBER_OBJECT_CONVERSION = YES_AGGRESSIVE;
				CLANG_CXX_LANGUAGE_STANDARD = "gnu++20";
				CLANG_ENABLE_MODULES = YES;
				CLANG_ENABLE_OBJC_ARC = YES;
				CLANG_ENABLE_OBJC_WEAK = YES;
				CLANG_WARN_BLOCK_CAPTURE_AUTORELEASING = YES;
				CLANG_WARN_BOOL_CONVERSION = YES;
				CLANG_WARN_COMMA = YES;
				CLANG_WARN_CONSTANT_CONVERSION = YES;
				CLANG_WARN_DEPRECATED_OBJC_IMPLEMENTATIONS = YES;
				CLANG_WARN_DIRECT_OBJC_ISA_USAGE = YES_ERROR;
				CLANG_WARN_DOCUMENTATION_COMMENTS = YES;
				CLANG_WARN_EMPTY_BODY = YES;
				CLANG_WARN_ENUM_CONVERSION = YES;
				CLANG_WARN_INFINITE_RECURSION = YES;
				CLANG_WARN_INT_CONVERSION = YES;
				CLANG_WARN_NON_LITERAL_NULL_CONVERSION = YES;
				CLANG_WARN_OBJC_IMPLICIT_RETAIN_SELF = YES;
				CLANG_WARN_OBJC_LITERAL_CONVERSION = YES;
				CLANG_WARN_OBJC_ROOT_CLASS = YES_ERROR;
				CLANG_WARN_QUOTED_INCLUDE_IN_FRAMEWORK_HEADER = YES;
				CLANG_WARN_RANGE_LOOP_ANALYSIS = YES;
				CLANG_WARN_STRICT_PROTOTYPES = YES;
				CLANG_WARN_SUSPICIOUS_MOVE = YES;
				CLANG_WARN_UNGUARDED_AVAILABILITY = YES_AGGRESSIVE;
				CLANG_WARN_UNREACHABLE_CODE = YES;
				CLANG_WARN__DUPLICATE_METHOD_MATCH = YES;
				COPY_PHASE_STRIP = NO;
				DEBUG_INFORMATION_FORMAT = dwarf;
				ENABLE_STRICT_OBJC_MSGSEND = YES;
				ENABLE_TESTABILITY = YES;
				GCC_C_LANGUAGE_STANDARD = gnu11;
				GCC_DYNAMIC_NO_PIC = NO;
				GCC_NO_COMMON_BLOCKS = YES;
				GCC_OPTIMIZATION_LEVEL = 0;
				GCC_PREPROCESSOR_DEFINITIONS = (
					"DEBUG=1",
					"$(inherited)",
				);
				GCC_WARN_64_TO_32_BIT_CONVERSION = YES;
				GCC_WARN_ABOUT_RETURN_TYPE = YES_ERROR;
				GCC_WARN_UNDECLARED_SELECTOR = YES;
				GCC_WARN_UNINITIALIZED_AUTOS = YES_AGGRESSIVE;
				GCC_WARN_UNUSED_FUNCTION = YES;
				GCC_WARN_UNUSED_VARIABLE = YES;
				IPHONEOS_DEPLOYMENT_TARGET = 16.4;
				MTL_ENABLE_DEBUG_INFO = INCLUDE_SOURCE;
				MTL_FAST_MATH = YES;
				ONLY_ACTIVE_ARCH = YES;
				SDKROOT = iphoneos;
				SWIFT_ACTIVE_COMPILATION_CONDITIONS = DEBUG;
				SWIFT_OPTIMIZATION_LEVEL = "-Onone";
			};
			name = Debug;
		};
		B39D90702AB1A7CE00570391 /* Release */ = {
			isa = XCBuildConfiguration;
			buildSettings = {
				ALWAYS_SEARCH_USER_PATHS = NO;
				CLANG_ANALYZER_NONNULL = YES;
				CLANG_ANALYZER_NUMBER_OBJECT_CONVERSION = YES_AGGRESSIVE;
				CLANG_CXX_LANGUAGE_STANDARD = "gnu++20";
				CLANG_ENABLE_MODULES = YES;
				CLANG_ENABLE_OBJC_ARC = YES;
				CLANG_ENABLE_OBJC_WEAK = YES;
				CLANG_WARN_BLOCK_CAPTURE_AUTORELEASING = YES;
				CLANG_WARN_BOOL_CONVERSION = YES;
				CLANG_WARN_COMMA = YES;
				CLANG_WARN_CONSTANT_CONVERSION = YES;
				CLANG_WARN_DEPRECATED_OBJC_IMPLEMENTATIONS = YES;
				CLANG_WARN_DIRECT_OBJC_ISA_USAGE = YES_ERROR;
				CLANG_WARN_DOCUMENTATION_COMMENTS = YES;
				CLANG_WARN_EMPTY_BODY = YES;
				CLANG_WARN_ENUM_CONVERSION = YES;
				CLANG_WARN_INFINITE_RECURSION = YES;
				CLANG_WARN_INT_CONVERSION = YES;
				CLANG_WARN_NON_LITERAL_NULL_CONVERSION = YES;
				CLANG_WARN_OBJC_IMPLICIT_RETAIN_SELF = YES;
				CLANG_WARN_OBJC_LITERAL_CONVERSION = YES;
				CLANG_WARN_OBJC_ROOT_CLASS = YES_ERROR;
				CLANG_WARN_QUOTED_INCLUDE_IN_FRAMEWORK_HEADER = YES;
				CLANG_WARN_RANGE_LOOP_ANALYSIS = YES;
				CLANG_WARN_STRICT_PROTOTYPES = YES;
				CLANG_WARN_SUSPICIOUS_MOVE = YES;
				CLANG_WARN_UNGUARDED_AVAILABILITY = YES_AGGRESSIVE;
				CLANG_WARN_UNREACHABLE_CODE = YES;
				CLANG_WARN__DUPLICATE_METHOD_MATCH = YES;
				COPY_PHASE_STRIP = NO;
				DEBUG_INFORMATION_FORMAT = "dwarf-with-dsym";
				ENABLE_NS_ASSERTIONS = NO;
				ENABLE_STRICT_OBJC_MSGSEND = YES;
				GCC_C_LANGUAGE_STANDARD = gnu11;
				GCC_NO_COMMON_BLOCKS = YES;
				GCC_WARN_64_TO_32_BIT_CONVERSION = YES;
				GCC_WARN_ABOUT_RETURN_TYPE = YES_ERROR;
				GCC_WARN_UNDECLARED_SELECTOR = YES;
				GCC_WARN_UNINITIALIZED_AUTOS = YES_AGGRESSIVE;
				GCC_WARN_UNUSED_FUNCTION = YES;
				GCC_WARN_UNUSED_VARIABLE = YES;
				IPHONEOS_DEPLOYMENT_TARGET = 16.4;
				MTL_ENABLE_DEBUG_INFO = NO;
				MTL_FAST_MATH = YES;
				SDKROOT = iphoneos;
				SWIFT_COMPILATION_MODE = wholemodule;
				SWIFT_OPTIMIZATION_LEVEL = "-O";
				VALIDATE_PRODUCT = YES;
			};
			name = Release;
		};
		B39D90722AB1A7CE00570391 /* Debug */ = {
			isa = XCBuildConfiguration;
			buildSettings = {
				ASSETCATALOG_COMPILER_APPICON_NAME = AppIcon;
				ASSETCATALOG_COMPILER_GLOBAL_ACCENT_COLOR_NAME = AccentColor;
				CODE_SIGN_STYLE = Automatic;
				CURRENT_PROJECT_VERSION = 1;
				GENERATE_INFOPLIST_FILE = YES;
				INFOPLIST_FILE = MVVM_Demo/Info.plist;
				INFOPLIST_KEY_UIApplicationSupportsIndirectInputEvents = YES;
				INFOPLIST_KEY_UILaunchStoryboardName = LaunchScreen;
				INFOPLIST_KEY_UIMainStoryboardFile = Main;
				INFOPLIST_KEY_UISupportedInterfaceOrientations_iPad = "UIInterfaceOrientationPortrait UIInterfaceOrientationPortraitUpsideDown UIInterfaceOrientationLandscapeLeft UIInterfaceOrientationLandscapeRight";
				INFOPLIST_KEY_UISupportedInterfaceOrientations_iPhone = "UIInterfaceOrientationPortrait UIInterfaceOrientationLandscapeLeft UIInterfaceOrientationLandscapeRight";
				LD_RUNPATH_SEARCH_PATHS = (
					"$(inherited)",
					"@executable_path/Frameworks",
				);
				MARKETING_VERSION = 1.0;
				PRODUCT_BUNDLE_IDENTIFIER = "com.rahul.MVVM-Demo";
				PRODUCT_NAME = "$(TARGET_NAME)";
				SWIFT_EMIT_LOC_STRINGS = YES;
				SWIFT_VERSION = 5.0;
				TARGETED_DEVICE_FAMILY = "1,2";
			};
			name = Debug;
		};
		B39D90732AB1A7CE00570391 /* Release */ = {
			isa = XCBuildConfiguration;
			buildSettings = {
				ASSETCATALOG_COMPILER_APPICON_NAME = AppIcon;
				ASSETCATALOG_COMPILER_GLOBAL_ACCENT_COLOR_NAME = AccentColor;
				CODE_SIGN_STYLE = Automatic;
				CURRENT_PROJECT_VERSION = 1;
				GENERATE_INFOPLIST_FILE = YES;
				INFOPLIST_FILE = MVVM_Demo/Info.plist;
				INFOPLIST_KEY_UIApplicationSupportsIndirectInputEvents = YES;
				INFOPLIST_KEY_UILaunchStoryboardName = LaunchScreen;
				INFOPLIST_KEY_UIMainStoryboardFile = Main;
				INFOPLIST_KEY_UISupportedInterfaceOrientations_iPad = "UIInterfaceOrientationPortrait UIInterfaceOrientationPortraitUpsideDown UIInterfaceOrientationLandscapeLeft UIInterfaceOrientationLandscapeRight";
				INFOPLIST_KEY_UISupportedInterfaceOrientations_iPhone = "UIInterfaceOrientationPortrait UIInterfaceOrientationLandscapeLeft UIInterfaceOrientationLandscapeRight";
				LD_RUNPATH_SEARCH_PATHS = (
					"$(inherited)",
					"@executable_path/Frameworks",
				);
				MARKETING_VERSION = 1.0;
				PRODUCT_BUNDLE_IDENTIFIER = "com.rahul.MVVM-Demo";
				PRODUCT_NAME = "$(TARGET_NAME)";
				SWIFT_EMIT_LOC_STRINGS = YES;
				SWIFT_VERSION = 5.0;
				TARGETED_DEVICE_FAMILY = "1,2";
			};
			name = Release;
		};
/* End XCBuildConfiguration section */

/* Begin XCConfigurationList section */
		B39D90582AB1A7C900570391 /* Build configuration list for PBXProject "MVVM_Demo" */ = {
			isa = XCConfigurationList;
			buildConfigurations = (
				B39D906F2AB1A7CE00570391 /* Debug */,
				B39D90702AB1A7CE00570391 /* Release */,
			);
			defaultConfigurationIsVisible = 0;
			defaultConfigurationName = Release;
		};
		B39D90712AB1A7CE00570391 /* Build configuration list for PBXNativeTarget "MVVM_Demo" */ = {
			isa = XCConfigurationList;
			buildConfigurations = (
				B39D90722AB1A7CE00570391 /* Debug */,
				B39D90732AB1A7CE00570391 /* Release */,
			);
			defaultConfigurationIsVisible = 0;
			defaultConfigurationName = Release;
		};
/* End XCConfigurationList section */

/* Begin XCRemoteSwiftPackageReference section */
		B3E8695F2AB2FA3100438960 /* XCRemoteSwiftPackageReference "Kingfisher" */ = {
			isa = XCRemoteSwiftPackageReference;
			repositoryURL = "https://github.com/onevcat/Kingfisher.git";
			requirement = {
				kind = upToNextMajorVersion;
				minimumVersion = 7.0.0;
			};
		};
/* End XCRemoteSwiftPackageReference section */

/* Begin XCSwiftPackageProductDependency section */
		B3E869602AB2FA3100438960 /* Kingfisher */ = {
			isa = XCSwiftPackageProductDependency;
			package = B3E8695F2AB2FA3100438960 /* XCRemoteSwiftPackageReference "Kingfisher" */;
			productName = Kingfisher;
		};
/* End XCSwiftPackageProductDependency section */
	};
	rootObject = B39D90552AB1A7C900570391 /* Project object */;
}
